{
  "version": "5",
  "specifiers": {
    "jsr:@noble/hashes@2.0.1": "2.0.1",
    "jsr:@noble/secp256k1@3.0.0": "3.0.0",
    "jsr:@scure/base@2.0.0": "2.0.0",
    "npm:@noble/hashes@*": "2.0.1",
    "npm:@noble/hashes@2.0.1": "2.0.1",
    "npm:@noble/secp256k1@*": "3.0.0"
  },
  "jsr": {
    "@noble/hashes@2.0.1": {
      "integrity": "e0e908292a0bf91099cf8ba0720a1647cef82ab38b588815b5e9535b4ff4d7bb"
    },
    "@noble/secp256k1@3.0.0": {
      "integrity": "8d1639a9c06fcffacf720d8319e8e996e9fbfbaf868324e4cec5dc56b2ade1b9"
    },
    "@scure/base@2.0.0": {
      "integrity": "2828432e39fdfc6712ce2a3029c56621e293e38ac5aa02be8c5ead312836fe2f"
    }
  },
  "npm": {
    "@noble/hashes@2.0.1": {
      "integrity": "sha512-XlOlEbQcE9fmuXxrVTXCTlG2nlRXa9Rj3rr5Ue/+tX+nmkgbX720YHh0VR3hBF9xDvwnb8D2shVGOwNx+ulArw=="
    },
    "@noble/secp256k1@3.0.0": {
      "integrity": "sha512-NJBaR352KyIvj3t6sgT/+7xrNyF9Xk9QlLSIqUGVUYlsnDTAUqY8LOmwpcgEx4AMJXRITQ5XEVHD+mMaPfr3mg=="
    }
  },
  "workspace": {
    "dependencies": [
      "jsr:@noble/hashes@2.0.1",
      "jsr:@noble/secp256k1@3.0.0",
      "jsr:@scure/base@2.0.0"
    ]
  }
}
